
Microsoft Visual Studio Solution File, Format Version 12.00
# Visual Studio Version 17
VisualStudioVersion = 17.13.35818.85 d17.13
MinimumVisualStudioVersion = 10.0.40219.1
Project("{FAE04EC0-301F-11D3-BF4B-00C04F79EFBC}") = "InternTask2", "InternTask2.csproj", "{A673EECB-17A5-48DD-AD73-85AC94B92F0E}"
EndProject
Global
	GlobalSection(SolutionConfigurationPlatforms) = preSolution
		Debug|Any CPU = Debug|Any CPU
		Release|Any CPU = Release|Any CPU
	EndGlobalSection
	GlobalSection(ProjectConfigurationPlatforms) = postSolution
		{A673EECB-17A5-48DD-AD73-85AC94B92F0E}.Debug|Any CPU.ActiveCfg = Debug|Any CPU
		{A673EECB-17A5-48DD-AD73-85AC94B92F0E}.Debug|Any CPU.Build.0 = Debug|Any CPU
		{A673EECB-17A5-48DD-AD73-85AC94B92F0E}.Release|Any CPU.ActiveCfg = Release|Any CPU
		{A673EECB-17A5-48DD-AD73-85AC94B92F0E}.Release|Any CPU.Build.0 = Release|Any CPU
	EndGlobalSection
	GlobalSection(SolutionProperties) = preSolution
		HideSolutionNode = FALSE
	EndGlobalSection
	GlobalSection(ExtensibilityGlobals) = postSolution
		SolutionGuid = {5F588446-E652-4817-98DB-848F024E280E}
	EndGlobalSection
EndGlobal
